
Microsoft Visual Studio Solution File, Format Version 12.00
# Visual Studio 15
Project("{FAE04EC0-301F-11D3-BF4B-00C04F79EFBC}") = "Assembly-CSharp-firstpass", "Assembly-CSharp-firstpass.csproj", "{E1649DDD-0208-D45A-0B9B-2A26EEA7DB3D}"
EndProject
Project("{FAE04EC0-301F-11D3-BF4B-00C04F79EFBC}") = "Assembly-CSharp", "Assembly-CSharp.csproj", "{5818FC16-852A-94DB-6A60-52CAE99D45F4}"
EndProject
Project("{FAE04EC0-301F-11D3-BF4B-00C04F79EFBC}") = "Assembly-CSharp-Editor-firstpass", "Assembly-CSharp-Editor-firstpass.csproj", "{DAC0422B-C888-2993-1603-5EA647F15735}"
EndProject
Global
	GlobalSection(SolutionConfigurationPlatforms) = preSolution
		Debug|Any CPU = Debug|Any CPU
		Release|Any CPU = Release|Any CPU
	EndGlobalSection
	GlobalSection(ProjectConfigurationPlatforms) = postSolution
		{E1649DDD-0208-D45A-0B9B-2A26EEA7DB3D}.Debug|Any CPU.ActiveCfg = Debug|Any CPU
		{E1649DDD-0208-D45A-0B9B-2A26EEA7DB3D}.Debug|Any CPU.Build.0 = Debug|Any CPU
		{E1649DDD-0208-D45A-0B9B-2A26EEA7DB3D}.Release|Any CPU.ActiveCfg = Release|Any CPU
		{E1649DDD-0208-D45A-0B9B-2A26EEA7DB3D}.Release|Any CPU.Build.0 = Release|Any CPU
		{5818FC16-852A-94DB-6A60-52CAE99D45F4}.Debug|Any CPU.ActiveCfg = Debug|Any CPU
		{5818FC16-852A-94DB-6A60-52CAE99D45F4}.Debug|Any CPU.Build.0 = Debug|Any CPU
		{5818FC16-852A-94DB-6A60-52CAE99D45F4}.Release|Any CPU.ActiveCfg = Release|Any CPU
		{5818FC16-852A-94DB-6A60-52CAE99D45F4}.Release|Any CPU.Build.0 = Release|Any CPU
		{DAC0422B-C888-2993-1603-5EA647F15735}.Debug|Any CPU.ActiveCfg = Debug|Any CPU
		{DAC0422B-C888-2993-1603-5EA647F15735}.Debug|Any CPU.Build.0 = Debug|Any CPU
		{DAC0422B-C888-2993-1603-5EA647F15735}.Release|Any CPU.ActiveCfg = Release|Any CPU
		{DAC0422B-C888-2993-1603-5EA647F15735}.Release|Any CPU.Build.0 = Release|Any CPU
	EndGlobalSection
	GlobalSection(SolutionProperties) = preSolution
		HideSolutionNode = FALSE
	EndGlobalSection
EndGlobal
